
Microsoft Visual Studio Solution File, Format Version 12.00
# Visual Studio Version 17
VisualStudioVersion = 17.9.34622.214
MinimumVisualStudioVersion = 10.0.40219.1
Project("{2150E333-8FDC-42A3-9474-1A3956D46DE8}") = "src", "src", "{572D3964-C47A-48C8-BF12-392058733F40}"
EndProject
Project("{2150E333-8FDC-42A3-9474-1A3956D46DE8}") = "tests", "tests", "{46AF2091-E1CE-413F-86AF-315FD973C693}"
EndProject
Project("{9A19103F-16F7-4668-BE54-9A1E7A4F7556}") = "API", "API\API.csproj", "{CE9663BA-6D02-4F85-85EE-A18642B21A8E}"
EndProject
Project("{9A19103F-16F7-4668-BE54-9A1E7A4F7556}") = "Infrastructure", "Infrastructure\Infrastructure.csproj", "{A4DAC35A-2B7C-4848-B872-04E2186D1547}"
EndProject
Project("{9A19103F-16F7-4668-BE54-9A1E7A4F7556}") = "Domain", "Domain\Domain.csproj", "{D4F0FC83-B3C2-4D45-8A84-3802973DC327}"
EndProject
Project("{9A19103F-16F7-4668-BE54-9A1E7A4F7556}") = "Application", "Application\Application.csproj", "{0CE2EA4F-1120-4152-B45F-F1ED77D07508}"
EndProject
Project("{FAE04EC0-301F-11D3-BF4B-00C04F79EFBC}") = "UnitTests", "UnitTests\UnitTests.csproj", "{DE0E702A-FC3F-454F-9EAE-90AA7A4FE7B9}"
EndProject
Project("{FAE04EC0-301F-11D3-BF4B-00C04F79EFBC}") = "IntegrationTests", "IntegrationTests\IntegrationTests.csproj", "{DBEE6167-AC10-46AD-A53D-424630C4CA86}"
EndProject
Project("{FAE04EC0-301F-11D3-BF4B-00C04F79EFBC}") = "FunctionalTests", "FunctionalTests\FunctionalTests.csproj", "{8B535127-4860-4519-AA68-A8D913A49B8E}"
EndProject
Global
	GlobalSection(SolutionConfigurationPlatforms) = preSolution
		Debug|Any CPU = Debug|Any CPU
		Release|Any CPU = Release|Any CPU
	EndGlobalSection
	GlobalSection(ProjectConfigurationPlatforms) = postSolution
		{CE9663BA-6D02-4F85-85EE-A18642B21A8E}.Debug|Any CPU.ActiveCfg = Debug|Any CPU
		{CE9663BA-6D02-4F85-85EE-A18642B21A8E}.Debug|Any CPU.Build.0 = Debug|Any CPU
		{CE9663BA-6D02-4F85-85EE-A18642B21A8E}.Release|Any CPU.ActiveCfg = Release|Any CPU
		{CE9663BA-6D02-4F85-85EE-A18642B21A8E}.Release|Any CPU.Build.0 = Release|Any CPU
		{A4DAC35A-2B7C-4848-B872-04E2186D1547}.Debug|Any CPU.ActiveCfg = Debug|Any CPU
		{A4DAC35A-2B7C-4848-B872-04E2186D1547}.Debug|Any CPU.Build.0 = Debug|Any CPU
		{A4DAC35A-2B7C-4848-B872-04E2186D1547}.Release|Any CPU.ActiveCfg = Release|Any CPU
		{A4DAC35A-2B7C-4848-B872-04E2186D1547}.Release|Any CPU.Build.0 = Release|Any CPU
		{D4F0FC83-B3C2-4D45-8A84-3802973DC327}.Debug|Any CPU.ActiveCfg = Debug|Any CPU
		{D4F0FC83-B3C2-4D45-8A84-3802973DC327}.Debug|Any CPU.Build.0 = Debug|Any CPU
		{D4F0FC83-B3C2-4D45-8A84-3802973DC327}.Release|Any CPU.ActiveCfg = Release|Any CPU
		{D4F0FC83-B3C2-4D45-8A84-3802973DC327}.Release|Any CPU.Build.0 = Release|Any CPU
		{0CE2EA4F-1120-4152-B45F-F1ED77D07508}.Debug|Any CPU.ActiveCfg = Debug|Any CPU
		{0CE2EA4F-1120-4152-B45F-F1ED77D07508}.Debug|Any CPU.Build.0 = Debug|Any CPU
		{0CE2EA4F-1120-4152-B45F-F1ED77D07508}.Release|Any CPU.ActiveCfg = Release|Any CPU
		{0CE2EA4F-1120-4152-B45F-F1ED77D07508}.Release|Any CPU.Build.0 = Release|Any CPU
		{DE0E702A-FC3F-454F-9EAE-90AA7A4FE7B9}.Debug|Any CPU.ActiveCfg = Debug|Any CPU
		{DE0E702A-FC3F-454F-9EAE-90AA7A4FE7B9}.Debug|Any CPU.Build.0 = Debug|Any CPU
		{DE0E702A-FC3F-454F-9EAE-90AA7A4FE7B9}.Release|Any CPU.ActiveCfg = Release|Any CPU
		{DE0E702A-FC3F-454F-9EAE-90AA7A4FE7B9}.Release|Any CPU.Build.0 = Release|Any CPU
		{DBEE6167-AC10-46AD-A53D-424630C4CA86}.Debug|Any CPU.ActiveCfg = Debug|Any CPU
		{DBEE6167-AC10-46AD-A53D-424630C4CA86}.Debug|Any CPU.Build.0 = Debug|Any CPU
		{DBEE6167-AC10-46AD-A53D-424630C4CA86}.Release|Any CPU.ActiveCfg = Release|Any CPU
		{DBEE6167-AC10-46AD-A53D-424630C4CA86}.Release|Any CPU.Build.0 = Release|Any CPU
		{8B535127-4860-4519-AA68-A8D913A49B8E}.Debug|Any CPU.ActiveCfg = Debug|Any CPU
		{8B535127-4860-4519-AA68-A8D913A49B8E}.Debug|Any CPU.Build.0 = Debug|Any CPU
		{8B535127-4860-4519-AA68-A8D913A49B8E}.Release|Any CPU.ActiveCfg = Release|Any CPU
		{8B535127-4860-4519-AA68-A8D913A49B8E}.Release|Any CPU.Build.0 = Release|Any CPU
	EndGlobalSection
	GlobalSection(SolutionProperties) = preSolution
		HideSolutionNode = FALSE
	EndGlobalSection
	GlobalSection(NestedProjects) = preSolution
		{CE9663BA-6D02-4F85-85EE-A18642B21A8E} = {572D3964-C47A-48C8-BF12-392058733F40}
		{A4DAC35A-2B7C-4848-B872-04E2186D1547} = {572D3964-C47A-48C8-BF12-392058733F40}
		{D4F0FC83-B3C2-4D45-8A84-3802973DC327} = {572D3964-C47A-48C8-BF12-392058733F40}
		{0CE2EA4F-1120-4152-B45F-F1ED77D07508} = {572D3964-C47A-48C8-BF12-392058733F40}
		{DE0E702A-FC3F-454F-9EAE-90AA7A4FE7B9} = {46AF2091-E1CE-413F-86AF-315FD973C693}
		{DBEE6167-AC10-46AD-A53D-424630C4CA86} = {46AF2091-E1CE-413F-86AF-315FD973C693}
		{8B535127-4860-4519-AA68-A8D913A49B8E} = {46AF2091-E1CE-413F-86AF-315FD973C693}
	EndGlobalSection
	GlobalSection(ExtensibilityGlobals) = postSolution
		SolutionGuid = {02A060B2-812D-4408-9E35-D346DDBDC9AE}
	EndGlobalSection
EndGlobal
