
Microsoft Visual Studio Solution File, Format Version 12.00
# Visual Studio Version 17
VisualStudioVersion = 17.9.34622.214
MinimumVisualStudioVersion = 10.0.40219.1
Project("{2150E333-8FDC-42A3-9474-1A3956D46DE8}") = "src", "src", "{572D3964-C47A-48C8-BF12-392058733F40}"
EndProject
Project("{2150E333-8FDC-42A3-9474-1A3956D46DE8}") = "tests", "tests", "{46AF2091-E1CE-413F-86AF-315FD973C693}"
EndProject
Project("{9A19103F-16F7-4668-BE54-9A1E7A4F7556}") = "API", "src\API\API.csproj", "{A30805B0-7E89-433E-B58A-889FBC677F7C}"
EndProject
Project("{9A19103F-16F7-4668-BE54-9A1E7A4F7556}") = "Application", "src\Application\Application.csproj", "{B9B5262C-E792-41DA-9344-372D55B5875A}"
EndProject
Project("{9A19103F-16F7-4668-BE54-9A1E7A4F7556}") = "Domain", "src\Domain\Domain.csproj", "{ED75421F-1591-42E9-9764-69CB3019D0B4}"
EndProject
Project("{9A19103F-16F7-4668-BE54-9A1E7A4F7556}") = "Infrastructure", "src\Infrastructure\Infrastructure.csproj", "{0BEC8951-0FD5-4B85-8A94-AA1D65C4C331}"
EndProject
Project("{9A19103F-16F7-4668-BE54-9A1E7A4F7556}") = "UnitTests", "tests\UnitTests\UnitTests.csproj", "{3D54F368-16E5-498B-89E0-A18AC6656612}"
EndProject
Project("{9A19103F-16F7-4668-BE54-9A1E7A4F7556}") = "IntegrationTests", "tests\IntegrationTests\IntegrationTests.csproj", "{5F056A59-9C26-4F0A-99B6-D4733E2A2B82}"
EndProject
Project("{9A19103F-16F7-4668-BE54-9A1E7A4F7556}") = "FunctionalTests", "tests\FunctionalTests\FunctionalTests.csproj", "{FB33F63D-F9BF-4CC1-840E-A25003DBDA7C}"
EndProject
Global
	GlobalSection(SolutionConfigurationPlatforms) = preSolution
		Debug|Any CPU = Debug|Any CPU
		Release|Any CPU = Release|Any CPU
	EndGlobalSection
	GlobalSection(ProjectConfigurationPlatforms) = postSolution
		{A30805B0-7E89-433E-B58A-889FBC677F7C}.Debug|Any CPU.ActiveCfg = Debug|Any CPU
		{A30805B0-7E89-433E-B58A-889FBC677F7C}.Debug|Any CPU.Build.0 = Debug|Any CPU
		{A30805B0-7E89-433E-B58A-889FBC677F7C}.Release|Any CPU.ActiveCfg = Release|Any CPU
		{A30805B0-7E89-433E-B58A-889FBC677F7C}.Release|Any CPU.Build.0 = Release|Any CPU
		{B9B5262C-E792-41DA-9344-372D55B5875A}.Debug|Any CPU.ActiveCfg = Debug|Any CPU
		{B9B5262C-E792-41DA-9344-372D55B5875A}.Debug|Any CPU.Build.0 = Debug|Any CPU
		{B9B5262C-E792-41DA-9344-372D55B5875A}.Release|Any CPU.ActiveCfg = Release|Any CPU
		{B9B5262C-E792-41DA-9344-372D55B5875A}.Release|Any CPU.Build.0 = Release|Any CPU
		{ED75421F-1591-42E9-9764-69CB3019D0B4}.Debug|Any CPU.ActiveCfg = Debug|Any CPU
		{ED75421F-1591-42E9-9764-69CB3019D0B4}.Debug|Any CPU.Build.0 = Debug|Any CPU
		{ED75421F-1591-42E9-9764-69CB3019D0B4}.Release|Any CPU.ActiveCfg = Release|Any CPU
		{ED75421F-1591-42E9-9764-69CB3019D0B4}.Release|Any CPU.Build.0 = Release|Any CPU
		{0BEC8951-0FD5-4B85-8A94-AA1D65C4C331}.Debug|Any CPU.ActiveCfg = Debug|Any CPU
		{0BEC8951-0FD5-4B85-8A94-AA1D65C4C331}.Debug|Any CPU.Build.0 = Debug|Any CPU
		{0BEC8951-0FD5-4B85-8A94-AA1D65C4C331}.Release|Any CPU.ActiveCfg = Release|Any CPU
		{0BEC8951-0FD5-4B85-8A94-AA1D65C4C331}.Release|Any CPU.Build.0 = Release|Any CPU
		{3D54F368-16E5-498B-89E0-A18AC6656612}.Debug|Any CPU.ActiveCfg = Debug|Any CPU
		{3D54F368-16E5-498B-89E0-A18AC6656612}.Debug|Any CPU.Build.0 = Debug|Any CPU
		{3D54F368-16E5-498B-89E0-A18AC6656612}.Release|Any CPU.ActiveCfg = Release|Any CPU
		{3D54F368-16E5-498B-89E0-A18AC6656612}.Release|Any CPU.Build.0 = Release|Any CPU
		{5F056A59-9C26-4F0A-99B6-D4733E2A2B82}.Debug|Any CPU.ActiveCfg = Debug|Any CPU
		{5F056A59-9C26-4F0A-99B6-D4733E2A2B82}.Debug|Any CPU.Build.0 = Debug|Any CPU
		{5F056A59-9C26-4F0A-99B6-D4733E2A2B82}.Release|Any CPU.ActiveCfg = Release|Any CPU
		{5F056A59-9C26-4F0A-99B6-D4733E2A2B82}.Release|Any CPU.Build.0 = Release|Any CPU
		{FB33F63D-F9BF-4CC1-840E-A25003DBDA7C}.Debug|Any CPU.ActiveCfg = Debug|Any CPU
		{FB33F63D-F9BF-4CC1-840E-A25003DBDA7C}.Debug|Any CPU.Build.0 = Debug|Any CPU
		{FB33F63D-F9BF-4CC1-840E-A25003DBDA7C}.Release|Any CPU.ActiveCfg = Release|Any CPU
		{FB33F63D-F9BF-4CC1-840E-A25003DBDA7C}.Release|Any CPU.Build.0 = Release|Any CPU
	EndGlobalSection
	GlobalSection(SolutionProperties) = preSolution
		HideSolutionNode = FALSE
	EndGlobalSection
	GlobalSection(NestedProjects) = preSolution
		{A30805B0-7E89-433E-B58A-889FBC677F7C} = {572D3964-C47A-48C8-BF12-392058733F40}
		{B9B5262C-E792-41DA-9344-372D55B5875A} = {572D3964-C47A-48C8-BF12-392058733F40}
		{ED75421F-1591-42E9-9764-69CB3019D0B4} = {572D3964-C47A-48C8-BF12-392058733F40}
		{0BEC8951-0FD5-4B85-8A94-AA1D65C4C331} = {572D3964-C47A-48C8-BF12-392058733F40}
		{3D54F368-16E5-498B-89E0-A18AC6656612} = {46AF2091-E1CE-413F-86AF-315FD973C693}
		{5F056A59-9C26-4F0A-99B6-D4733E2A2B82} = {46AF2091-E1CE-413F-86AF-315FD973C693}
		{FB33F63D-F9BF-4CC1-840E-A25003DBDA7C} = {46AF2091-E1CE-413F-86AF-315FD973C693}
	EndGlobalSection
	GlobalSection(ExtensibilityGlobals) = postSolution
		SolutionGuid = {02A060B2-812D-4408-9E35-D346DDBDC9AE}
	EndGlobalSection
EndGlobal
